
Microsoft Visual Studio Solution File, Format Version 12.00
# Visual Studio 2015
Project("{FAE04EC0-301F-11D3-BF4B-00C04F79EFBC}") = "MedievalGame5.6", "MedievalGame5.6.csproj", "{7643DD56-DB3B-6C0B-710A-2F5DA6A7DE69}"
EndProject
Global
	GlobalSection(SolutionConfigurationPlatforms) = preSolution
		Debug|Any CPU = Debug|Any CPU
		Release|Any CPU = Release|Any CPU
	EndGlobalSection
	GlobalSection(ProjectConfigurationPlatforms) = postSolution
		{7643DD56-DB3B-6C0B-710A-2F5DA6A7DE69}.Debug|Any CPU.ActiveCfg = Debug|Any CPU
		{7643DD56-DB3B-6C0B-710A-2F5DA6A7DE69}.Debug|Any CPU.Build.0 = Debug|Any CPU
		{7643DD56-DB3B-6C0B-710A-2F5DA6A7DE69}.Release|Any CPU.ActiveCfg = Release|Any CPU
		{7643DD56-DB3B-6C0B-710A-2F5DA6A7DE69}.Release|Any CPU.Build.0 = Release|Any CPU
	EndGlobalSection
	GlobalSection(SolutionProperties) = preSolution
		HideSolutionNode = FALSE
	EndGlobalSection
EndGlobal
